
Microsoft Visual Studio Solution File, Format Version 12.00
# Visual Studio Version 17
VisualStudioVersion = 17.11.35327.3
MinimumVisualStudioVersion = 10.0.40219.1
Project("{FAE04EC0-301F-11D3-BF4B-00C04F79EFBC}") = "microfundamento-web-backend", "microfundamento-web-backend.csproj", "{0F88893C-F01A-4954-9AF0-F49826955B85}"
EndProject
Global
	GlobalSection(SolutionConfigurationPlatforms) = preSolution
		Debug|Any CPU = Debug|Any CPU
		Release|Any CPU = Release|Any CPU
	EndGlobalSection
	GlobalSection(ProjectConfigurationPlatforms) = postSolution
		{0F88893C-F01A-4954-9AF0-F49826955B85}.Debug|Any CPU.ActiveCfg = Debug|Any CPU
		{0F88893C-F01A-4954-9AF0-F49826955B85}.Debug|Any CPU.Build.0 = Debug|Any CPU
		{0F88893C-F01A-4954-9AF0-F49826955B85}.Release|Any CPU.ActiveCfg = Release|Any CPU
		{0F88893C-F01A-4954-9AF0-F49826955B85}.Release|Any CPU.Build.0 = Release|Any CPU
	EndGlobalSection
	GlobalSection(SolutionProperties) = preSolution
		HideSolutionNode = FALSE
	EndGlobalSection
	GlobalSection(ExtensibilityGlobals) = postSolution
		SolutionGuid = {22BBA805-FA7E-4167-A7D6-2FD07C87D509}
	EndGlobalSection
EndGlobal
